
Microsoft Visual Studio Solution File, Format Version 12.00
# Visual Studio 2013
VisualStudioVersion = 12.0.31101.0
MinimumVisualStudioVersion = 10.0.40219.1
Project("{FAE04EC0-301F-11D3-BF4B-00C04F79EFBC}") = "Zadanie1", "Zadanie1\Zadanie1.csproj", "{3DDC6DAB-6559-424B-A03D-ACDD765960A9}"
EndProject
Project("{FAE04EC0-301F-11D3-BF4B-00C04F79EFBC}") = "Zadanie2", "Zadanie2\Zadanie2.csproj", "{1A18A157-B417-4B11-B869-0FB35AAFDDE6}"
EndProject
Project("{FAE04EC0-301F-11D3-BF4B-00C04F79EFBC}") = "Zadanie3", "Zadanie3\Zadanie3.csproj", "{1452497A-930C-4191-92F9-CB4C6A6D5DCA}"
EndProject
Global
	GlobalSection(SolutionConfigurationPlatforms) = preSolution
		Debug|Any CPU = Debug|Any CPU
		Release|Any CPU = Release|Any CPU
	EndGlobalSection
	GlobalSection(ProjectConfigurationPlatforms) = postSolution
		{3DDC6DAB-6559-424B-A03D-ACDD765960A9}.Debug|Any CPU.ActiveCfg = Debug|Any CPU
		{3DDC6DAB-6559-424B-A03D-ACDD765960A9}.Debug|Any CPU.Build.0 = Debug|Any CPU
		{3DDC6DAB-6559-424B-A03D-ACDD765960A9}.Release|Any CPU.ActiveCfg = Release|Any CPU
		{3DDC6DAB-6559-424B-A03D-ACDD765960A9}.Release|Any CPU.Build.0 = Release|Any CPU
		{1A18A157-B417-4B11-B869-0FB35AAFDDE6}.Debug|Any CPU.ActiveCfg = Debug|Any CPU
		{1A18A157-B417-4B11-B869-0FB35AAFDDE6}.Debug|Any CPU.Build.0 = Debug|Any CPU
		{1A18A157-B417-4B11-B869-0FB35AAFDDE6}.Release|Any CPU.ActiveCfg = Release|Any CPU
		{1A18A157-B417-4B11-B869-0FB35AAFDDE6}.Release|Any CPU.Build.0 = Release|Any CPU
		{1452497A-930C-4191-92F9-CB4C6A6D5DCA}.Debug|Any CPU.ActiveCfg = Debug|Any CPU
		{1452497A-930C-4191-92F9-CB4C6A6D5DCA}.Debug|Any CPU.Build.0 = Debug|Any CPU
		{1452497A-930C-4191-92F9-CB4C6A6D5DCA}.Release|Any CPU.ActiveCfg = Release|Any CPU
		{1452497A-930C-4191-92F9-CB4C6A6D5DCA}.Release|Any CPU.Build.0 = Release|Any CPU
	EndGlobalSection
	GlobalSection(SolutionProperties) = preSolution
		HideSolutionNode = FALSE
	EndGlobalSection
EndGlobal
