
Microsoft Visual Studio Solution File, Format Version 12.00
# Visual Studio 15
VisualStudioVersion = 15.0.26228.4
MinimumVisualStudioVersion = 10.0.40219.1
Project("{FAE04EC0-301F-11D3-BF4B-00C04F79EFBC}") = "Zadanie1", "Zadanie1\Zadanie1.csproj", "{17853B3E-4115-4545-A57D-982B490A94A3}"
EndProject
Project("{FAE04EC0-301F-11D3-BF4B-00C04F79EFBC}") = "Zadanie2", "Zadanie2\Zadanie2.csproj", "{E75C79B6-D180-4767-A8EA-3B4627721080}"
EndProject
Project("{FAE04EC0-301F-11D3-BF4B-00C04F79EFBC}") = "Zadanie3", "Zadanie3\Zadanie3.csproj", "{9316258D-94A1-4C00-A46D-21A7B0E8055F}"
EndProject
Project("{FAE04EC0-301F-11D3-BF4B-00C04F79EFBC}") = "Zadanie4", "Zadanie4\Zadanie4.csproj", "{985903E3-0929-43DE-B75E-8DC655B470BE}"
EndProject
Project("{FAE04EC0-301F-11D3-BF4B-00C04F79EFBC}") = "Zadanie5", "Zadanie5\Zadanie5.csproj", "{32A5FF57-D308-4C3E-930E-B5BDB75A741D}"
EndProject
Project("{FAE04EC0-301F-11D3-BF4B-00C04F79EFBC}") = "Zadanie6", "Zadanie6\Zadanie6.csproj", "{9CA72048-BDC7-4800-A15B-E981B9D28953}"
EndProject
Project("{FAE04EC0-301F-11D3-BF4B-00C04F79EFBC}") = "Zadanie7", "Zadanie7\Zadanie7.csproj", "{1EF49CED-EF00-437B-8C6C-8BA9B2CF34F1}"
EndProject
Project("{FAE04EC0-301F-11D3-BF4B-00C04F79EFBC}") = "Zadanie8", "Zadanie8\Zadanie8.csproj", "{48A87B98-F8E2-488C-8EA5-9609886F8FA1}"
EndProject
Project("{FAE04EC0-301F-11D3-BF4B-00C04F79EFBC}") = "Zadanie9", "Zadanie9\Zadanie9.csproj", "{66659AD2-3477-4F11-8D63-A3424FE7002C}"
EndProject
Project("{FAE04EC0-301F-11D3-BF4B-00C04F79EFBC}") = "Zadanie10", "Zadanie10\Zadanie10.csproj", "{DF53BED6-5B64-4ABE-9D17-9CED8D65E17C}"
EndProject
Project("{FAE04EC0-301F-11D3-BF4B-00C04F79EFBC}") = "Zadanie11", "Zadanie11\Zadanie11.csproj", "{9DDD91F8-B4A5-454A-8EEA-0CEFBE30ED78}"
EndProject
Project("{FAE04EC0-301F-11D3-BF4B-00C04F79EFBC}") = "Zadanie12", "Zadanie12\Zadanie12.csproj", "{97BAF15D-4653-441B-97A4-FA108FE70B79}"
EndProject
Project("{FAE04EC0-301F-11D3-BF4B-00C04F79EFBC}") = "Zadanie13", "Zadanie13\Zadanie13.csproj", "{03CAAED9-F17B-4E29-9F7A-C9B9FCE8E1CC}"
EndProject
Project("{FAE04EC0-301F-11D3-BF4B-00C04F79EFBC}") = "Zadanie14", "Zadanie14\Zadanie14.csproj", "{8C528375-903E-496F-BA05-185B9C209C91}"
EndProject
Project("{FAE04EC0-301F-11D3-BF4B-00C04F79EFBC}") = "Zadanie15", "Zadanie15\Zadanie15.csproj", "{8D01ACD1-418A-4ADB-8214-9FEAB0C2D6CB}"
EndProject
Project("{FAE04EC0-301F-11D3-BF4B-00C04F79EFBC}") = "Zadanie16", "Zadanie16\Zadanie16.csproj", "{62F13700-C7E1-427F-A4C0-D70427A39519}"
EndProject
Project("{FAE04EC0-301F-11D3-BF4B-00C04F79EFBC}") = "Zadanie17", "Zadanie17\Zadanie17.csproj", "{8A67CEC4-07AD-4CA8-8D02-F6B43EDA75B2}"
EndProject
Project("{FAE04EC0-301F-11D3-BF4B-00C04F79EFBC}") = "Zadanie18", "Zadanie18\Zadanie18.csproj", "{1170ECB3-CD8E-40FF-9D00-084973C492C4}"
EndProject
Project("{FAE04EC0-301F-11D3-BF4B-00C04F79EFBC}") = "Zadanie19", "Zadanie19\Zadanie19.csproj", "{997993CF-B6D3-4C81-ACE1-202D2192B42C}"
EndProject
Project("{FAE04EC0-301F-11D3-BF4B-00C04F79EFBC}") = "Zadanie20", "Zadanie20\Zadanie20.csproj", "{7DBDE9FB-6CF8-4E05-9000-8122EC4E3D7A}"
EndProject
Project("{FAE04EC0-301F-11D3-BF4B-00C04F79EFBC}") = "Zadanie21", "Zadanie21\Zadanie21.csproj", "{3125DB77-9FBF-4625-9A0A-A3A29361B70B}"
EndProject
Project("{FAE04EC0-301F-11D3-BF4B-00C04F79EFBC}") = "Zadanie22", "Zadanie22\Zadanie22.csproj", "{47BCD91F-F88D-4C82-8477-1C7DF25D9E64}"
EndProject
Project("{FAE04EC0-301F-11D3-BF4B-00C04F79EFBC}") = "Zadanie23", "Zadanie23\Zadanie23.csproj", "{08914027-018D-4CC5-9FB4-AEF20430C052}"
EndProject
Project("{FAE04EC0-301F-11D3-BF4B-00C04F79EFBC}") = "Zadanie24", "Zadanie24\Zadanie24.csproj", "{A772EDA2-4CFC-40CF-B68F-29D195C97604}"
EndProject
Project("{FAE04EC0-301F-11D3-BF4B-00C04F79EFBC}") = "Zadanie25", "Zadanie25\Zadanie25.csproj", "{17BCB7A9-FF03-46EC-9F1A-D5EDF098AAF1}"
EndProject
Project("{FAE04EC0-301F-11D3-BF4B-00C04F79EFBC}") = "Zadanie26", "Zadanie26\Zadanie26.csproj", "{06548857-6FA8-4930-BEC6-BB2D10FA88E8}"
EndProject
Project("{FAE04EC0-301F-11D3-BF4B-00C04F79EFBC}") = "Zadanie27", "Zadanie27\Zadanie27.csproj", "{AB59B3D6-7F4E-41E4-A958-01F1FFC7A3C6}"
EndProject
Project("{FAE04EC0-301F-11D3-BF4B-00C04F79EFBC}") = "Zadanie28", "Zadanie28\Zadanie28.csproj", "{EE324810-8C6F-4EB3-B5EE-2C3A190A7A54}"
EndProject
Project("{FAE04EC0-301F-11D3-BF4B-00C04F79EFBC}") = "Zadanie29", "Zadanie29\Zadanie29.csproj", "{63B59593-1CA2-4FC1-8505-893B483143A7}"
EndProject
Project("{FAE04EC0-301F-11D3-BF4B-00C04F79EFBC}") = "Zadanie30", "Zadanie30\Zadanie30.csproj", "{54F4B895-956E-4287-A443-1DC75D323FBD}"
EndProject
Project("{FAE04EC0-301F-11D3-BF4B-00C04F79EFBC}") = "Zadanie31", "Zadanie31\Zadanie31.csproj", "{1BEAB60A-A8A2-44FC-9B50-0567A34EEED2}"
EndProject
Project("{FAE04EC0-301F-11D3-BF4B-00C04F79EFBC}") = "Zadanie32", "Zadanie32\Zadanie32.csproj", "{87BC8CF5-FCB6-4791-B3A9-1D2C3F29B890}"
EndProject
Project("{FAE04EC0-301F-11D3-BF4B-00C04F79EFBC}") = "Zadanie33", "Zadanie33\Zadanie33.csproj", "{8BFE171E-9A96-45F5-8469-70F607F97B10}"
EndProject
Project("{FAE04EC0-301F-11D3-BF4B-00C04F79EFBC}") = "Zadanie34", "Zadanie34\Zadanie34.csproj", "{1573E9AB-7307-4D08-9ED1-25A66C7AED8A}"
EndProject
Project("{FAE04EC0-301F-11D3-BF4B-00C04F79EFBC}") = "Zadanie35", "Zadanie35\Zadanie35.csproj", "{8A166710-948D-469F-81D1-214BC9531915}"
EndProject
Project("{FAE04EC0-301F-11D3-BF4B-00C04F79EFBC}") = "Zadanie36", "Zadanie36\Zadanie36.csproj", "{89A3F311-4C03-475A-8682-2CE78C5D5216}"
EndProject
Project("{FAE04EC0-301F-11D3-BF4B-00C04F79EFBC}") = "Zadanie37", "Zadanie37\Zadanie37.csproj", "{31F287B3-0125-4870-84A1-12ED7A895B4F}"
EndProject
Global
	GlobalSection(SolutionConfigurationPlatforms) = preSolution
		Debug|Any CPU = Debug|Any CPU
		Release|Any CPU = Release|Any CPU
	EndGlobalSection
	GlobalSection(ProjectConfigurationPlatforms) = postSolution
		{17853B3E-4115-4545-A57D-982B490A94A3}.Debug|Any CPU.ActiveCfg = Debug|Any CPU
		{17853B3E-4115-4545-A57D-982B490A94A3}.Debug|Any CPU.Build.0 = Debug|Any CPU
		{17853B3E-4115-4545-A57D-982B490A94A3}.Release|Any CPU.ActiveCfg = Release|Any CPU
		{17853B3E-4115-4545-A57D-982B490A94A3}.Release|Any CPU.Build.0 = Release|Any CPU
		{E75C79B6-D180-4767-A8EA-3B4627721080}.Debug|Any CPU.ActiveCfg = Debug|Any CPU
		{E75C79B6-D180-4767-A8EA-3B4627721080}.Debug|Any CPU.Build.0 = Debug|Any CPU
		{E75C79B6-D180-4767-A8EA-3B4627721080}.Release|Any CPU.ActiveCfg = Release|Any CPU
		{E75C79B6-D180-4767-A8EA-3B4627721080}.Release|Any CPU.Build.0 = Release|Any CPU
		{9316258D-94A1-4C00-A46D-21A7B0E8055F}.Debug|Any CPU.ActiveCfg = Debug|Any CPU
		{9316258D-94A1-4C00-A46D-21A7B0E8055F}.Debug|Any CPU.Build.0 = Debug|Any CPU
		{9316258D-94A1-4C00-A46D-21A7B0E8055F}.Release|Any CPU.ActiveCfg = Release|Any CPU
		{9316258D-94A1-4C00-A46D-21A7B0E8055F}.Release|Any CPU.Build.0 = Release|Any CPU
		{985903E3-0929-43DE-B75E-8DC655B470BE}.Debug|Any CPU.ActiveCfg = Debug|Any CPU
		{985903E3-0929-43DE-B75E-8DC655B470BE}.Debug|Any CPU.Build.0 = Debug|Any CPU
		{985903E3-0929-43DE-B75E-8DC655B470BE}.Release|Any CPU.ActiveCfg = Release|Any CPU
		{985903E3-0929-43DE-B75E-8DC655B470BE}.Release|Any CPU.Build.0 = Release|Any CPU
		{32A5FF57-D308-4C3E-930E-B5BDB75A741D}.Debug|Any CPU.ActiveCfg = Debug|Any CPU
		{32A5FF57-D308-4C3E-930E-B5BDB75A741D}.Debug|Any CPU.Build.0 = Debug|Any CPU
		{32A5FF57-D308-4C3E-930E-B5BDB75A741D}.Release|Any CPU.ActiveCfg = Release|Any CPU
		{32A5FF57-D308-4C3E-930E-B5BDB75A741D}.Release|Any CPU.Build.0 = Release|Any CPU
		{9CA72048-BDC7-4800-A15B-E981B9D28953}.Debug|Any CPU.ActiveCfg = Debug|Any CPU
		{9CA72048-BDC7-4800-A15B-E981B9D28953}.Debug|Any CPU.Build.0 = Debug|Any CPU
		{9CA72048-BDC7-4800-A15B-E981B9D28953}.Release|Any CPU.ActiveCfg = Release|Any CPU
		{9CA72048-BDC7-4800-A15B-E981B9D28953}.Release|Any CPU.Build.0 = Release|Any CPU
		{1EF49CED-EF00-437B-8C6C-8BA9B2CF34F1}.Debug|Any CPU.ActiveCfg = Debug|Any CPU
		{1EF49CED-EF00-437B-8C6C-8BA9B2CF34F1}.Debug|Any CPU.Build.0 = Debug|Any CPU
		{1EF49CED-EF00-437B-8C6C-8BA9B2CF34F1}.Release|Any CPU.ActiveCfg = Release|Any CPU
		{1EF49CED-EF00-437B-8C6C-8BA9B2CF34F1}.Release|Any CPU.Build.0 = Release|Any CPU
		{48A87B98-F8E2-488C-8EA5-9609886F8FA1}.Debug|Any CPU.ActiveCfg = Debug|Any CPU
		{48A87B98-F8E2-488C-8EA5-9609886F8FA1}.Debug|Any CPU.Build.0 = Debug|Any CPU
		{48A87B98-F8E2-488C-8EA5-9609886F8FA1}.Release|Any CPU.ActiveCfg = Release|Any CPU
		{48A87B98-F8E2-488C-8EA5-9609886F8FA1}.Release|Any CPU.Build.0 = Release|Any CPU
		{66659AD2-3477-4F11-8D63-A3424FE7002C}.Debug|Any CPU.ActiveCfg = Debug|Any CPU
		{66659AD2-3477-4F11-8D63-A3424FE7002C}.Debug|Any CPU.Build.0 = Debug|Any CPU
		{66659AD2-3477-4F11-8D63-A3424FE7002C}.Release|Any CPU.ActiveCfg = Release|Any CPU
		{66659AD2-3477-4F11-8D63-A3424FE7002C}.Release|Any CPU.Build.0 = Release|Any CPU
		{DF53BED6-5B64-4ABE-9D17-9CED8D65E17C}.Debug|Any CPU.ActiveCfg = Debug|Any CPU
		{DF53BED6-5B64-4ABE-9D17-9CED8D65E17C}.Debug|Any CPU.Build.0 = Debug|Any CPU
		{DF53BED6-5B64-4ABE-9D17-9CED8D65E17C}.Release|Any CPU.ActiveCfg = Release|Any CPU
		{DF53BED6-5B64-4ABE-9D17-9CED8D65E17C}.Release|Any CPU.Build.0 = Release|Any CPU
		{9DDD91F8-B4A5-454A-8EEA-0CEFBE30ED78}.Debug|Any CPU.ActiveCfg = Debug|Any CPU
		{9DDD91F8-B4A5-454A-8EEA-0CEFBE30ED78}.Debug|Any CPU.Build.0 = Debug|Any CPU
		{9DDD91F8-B4A5-454A-8EEA-0CEFBE30ED78}.Release|Any CPU.ActiveCfg = Release|Any CPU
		{9DDD91F8-B4A5-454A-8EEA-0CEFBE30ED78}.Release|Any CPU.Build.0 = Release|Any CPU
		{97BAF15D-4653-441B-97A4-FA108FE70B79}.Debug|Any CPU.ActiveCfg = Debug|Any CPU
		{97BAF15D-4653-441B-97A4-FA108FE70B79}.Debug|Any CPU.Build.0 = Debug|Any CPU
		{97BAF15D-4653-441B-97A4-FA108FE70B79}.Release|Any CPU.ActiveCfg = Release|Any CPU
		{97BAF15D-4653-441B-97A4-FA108FE70B79}.Release|Any CPU.Build.0 = Release|Any CPU
		{03CAAED9-F17B-4E29-9F7A-C9B9FCE8E1CC}.Debug|Any CPU.ActiveCfg = Debug|Any CPU
		{03CAAED9-F17B-4E29-9F7A-C9B9FCE8E1CC}.Debug|Any CPU.Build.0 = Debug|Any CPU
		{03CAAED9-F17B-4E29-9F7A-C9B9FCE8E1CC}.Release|Any CPU.ActiveCfg = Release|Any CPU
		{03CAAED9-F17B-4E29-9F7A-C9B9FCE8E1CC}.Release|Any CPU.Build.0 = Release|Any CPU
		{8C528375-903E-496F-BA05-185B9C209C91}.Debug|Any CPU.ActiveCfg = Debug|Any CPU
		{8C528375-903E-496F-BA05-185B9C209C91}.Debug|Any CPU.Build.0 = Debug|Any CPU
		{8C528375-903E-496F-BA05-185B9C209C91}.Release|Any CPU.ActiveCfg = Release|Any CPU
		{8C528375-903E-496F-BA05-185B9C209C91}.Release|Any CPU.Build.0 = Release|Any CPU
		{8D01ACD1-418A-4ADB-8214-9FEAB0C2D6CB}.Debug|Any CPU.ActiveCfg = Debug|Any CPU
		{8D01ACD1-418A-4ADB-8214-9FEAB0C2D6CB}.Debug|Any CPU.Build.0 = Debug|Any CPU
		{8D01ACD1-418A-4ADB-8214-9FEAB0C2D6CB}.Release|Any CPU.ActiveCfg = Release|Any CPU
		{8D01ACD1-418A-4ADB-8214-9FEAB0C2D6CB}.Release|Any CPU.Build.0 = Release|Any CPU
		{62F13700-C7E1-427F-A4C0-D70427A39519}.Debug|Any CPU.ActiveCfg = Debug|Any CPU
		{62F13700-C7E1-427F-A4C0-D70427A39519}.Debug|Any CPU.Build.0 = Debug|Any CPU
		{62F13700-C7E1-427F-A4C0-D70427A39519}.Release|Any CPU.ActiveCfg = Release|Any CPU
		{62F13700-C7E1-427F-A4C0-D70427A39519}.Release|Any CPU.Build.0 = Release|Any CPU
		{8A67CEC4-07AD-4CA8-8D02-F6B43EDA75B2}.Debug|Any CPU.ActiveCfg = Debug|Any CPU
		{8A67CEC4-07AD-4CA8-8D02-F6B43EDA75B2}.Debug|Any CPU.Build.0 = Debug|Any CPU
		{8A67CEC4-07AD-4CA8-8D02-F6B43EDA75B2}.Release|Any CPU.ActiveCfg = Release|Any CPU
		{8A67CEC4-07AD-4CA8-8D02-F6B43EDA75B2}.Release|Any CPU.Build.0 = Release|Any CPU
		{1170ECB3-CD8E-40FF-9D00-084973C492C4}.Debug|Any CPU.ActiveCfg = Debug|Any CPU
		{1170ECB3-CD8E-40FF-9D00-084973C492C4}.Debug|Any CPU.Build.0 = Debug|Any CPU
		{1170ECB3-CD8E-40FF-9D00-084973C492C4}.Release|Any CPU.ActiveCfg = Release|Any CPU
		{1170ECB3-CD8E-40FF-9D00-084973C492C4}.Release|Any CPU.Build.0 = Release|Any CPU
		{997993CF-B6D3-4C81-ACE1-202D2192B42C}.Debug|Any CPU.ActiveCfg = Debug|Any CPU
		{997993CF-B6D3-4C81-ACE1-202D2192B42C}.Debug|Any CPU.Build.0 = Debug|Any CPU
		{997993CF-B6D3-4C81-ACE1-202D2192B42C}.Release|Any CPU.ActiveCfg = Release|Any CPU
		{997993CF-B6D3-4C81-ACE1-202D2192B42C}.Release|Any CPU.Build.0 = Release|Any CPU
		{7DBDE9FB-6CF8-4E05-9000-8122EC4E3D7A}.Debug|Any CPU.ActiveCfg = Debug|Any CPU
		{7DBDE9FB-6CF8-4E05-9000-8122EC4E3D7A}.Debug|Any CPU.Build.0 = Debug|Any CPU
		{7DBDE9FB-6CF8-4E05-9000-8122EC4E3D7A}.Release|Any CPU.ActiveCfg = Release|Any CPU
		{7DBDE9FB-6CF8-4E05-9000-8122EC4E3D7A}.Release|Any CPU.Build.0 = Release|Any CPU
		{3125DB77-9FBF-4625-9A0A-A3A29361B70B}.Debug|Any CPU.ActiveCfg = Debug|Any CPU
		{3125DB77-9FBF-4625-9A0A-A3A29361B70B}.Debug|Any CPU.Build.0 = Debug|Any CPU
		{3125DB77-9FBF-4625-9A0A-A3A29361B70B}.Release|Any CPU.ActiveCfg = Release|Any CPU
		{3125DB77-9FBF-4625-9A0A-A3A29361B70B}.Release|Any CPU.Build.0 = Release|Any CPU
		{47BCD91F-F88D-4C82-8477-1C7DF25D9E64}.Debug|Any CPU.ActiveCfg = Debug|Any CPU
		{47BCD91F-F88D-4C82-8477-1C7DF25D9E64}.Debug|Any CPU.Build.0 = Debug|Any CPU
		{47BCD91F-F88D-4C82-8477-1C7DF25D9E64}.Release|Any CPU.ActiveCfg = Release|Any CPU
		{47BCD91F-F88D-4C82-8477-1C7DF25D9E64}.Release|Any CPU.Build.0 = Release|Any CPU
		{08914027-018D-4CC5-9FB4-AEF20430C052}.Debug|Any CPU.ActiveCfg = Debug|Any CPU
		{08914027-018D-4CC5-9FB4-AEF20430C052}.Debug|Any CPU.Build.0 = Debug|Any CPU
		{08914027-018D-4CC5-9FB4-AEF20430C052}.Release|Any CPU.ActiveCfg = Release|Any CPU
		{08914027-018D-4CC5-9FB4-AEF20430C052}.Release|Any CPU.Build.0 = Release|Any CPU
		{A772EDA2-4CFC-40CF-B68F-29D195C97604}.Debug|Any CPU.ActiveCfg = Debug|Any CPU
		{A772EDA2-4CFC-40CF-B68F-29D195C97604}.Debug|Any CPU.Build.0 = Debug|Any CPU
		{A772EDA2-4CFC-40CF-B68F-29D195C97604}.Release|Any CPU.ActiveCfg = Release|Any CPU
		{A772EDA2-4CFC-40CF-B68F-29D195C97604}.Release|Any CPU.Build.0 = Release|Any CPU
		{17BCB7A9-FF03-46EC-9F1A-D5EDF098AAF1}.Debug|Any CPU.ActiveCfg = Debug|Any CPU
		{17BCB7A9-FF03-46EC-9F1A-D5EDF098AAF1}.Debug|Any CPU.Build.0 = Debug|Any CPU
		{17BCB7A9-FF03-46EC-9F1A-D5EDF098AAF1}.Release|Any CPU.ActiveCfg = Release|Any CPU
		{17BCB7A9-FF03-46EC-9F1A-D5EDF098AAF1}.Release|Any CPU.Build.0 = Release|Any CPU
		{06548857-6FA8-4930-BEC6-BB2D10FA88E8}.Debug|Any CPU.ActiveCfg = Debug|Any CPU
		{06548857-6FA8-4930-BEC6-BB2D10FA88E8}.Debug|Any CPU.Build.0 = Debug|Any CPU
		{06548857-6FA8-4930-BEC6-BB2D10FA88E8}.Release|Any CPU.ActiveCfg = Release|Any CPU
		{06548857-6FA8-4930-BEC6-BB2D10FA88E8}.Release|Any CPU.Build.0 = Release|Any CPU
		{AB59B3D6-7F4E-41E4-A958-01F1FFC7A3C6}.Debug|Any CPU.ActiveCfg = Debug|Any CPU
		{AB59B3D6-7F4E-41E4-A958-01F1FFC7A3C6}.Debug|Any CPU.Build.0 = Debug|Any CPU
		{AB59B3D6-7F4E-41E4-A958-01F1FFC7A3C6}.Release|Any CPU.ActiveCfg = Release|Any CPU
		{AB59B3D6-7F4E-41E4-A958-01F1FFC7A3C6}.Release|Any CPU.Build.0 = Release|Any CPU
		{EE324810-8C6F-4EB3-B5EE-2C3A190A7A54}.Debug|Any CPU.ActiveCfg = Debug|Any CPU
		{EE324810-8C6F-4EB3-B5EE-2C3A190A7A54}.Debug|Any CPU.Build.0 = Debug|Any CPU
		{EE324810-8C6F-4EB3-B5EE-2C3A190A7A54}.Release|Any CPU.ActiveCfg = Release|Any CPU
		{EE324810-8C6F-4EB3-B5EE-2C3A190A7A54}.Release|Any CPU.Build.0 = Release|Any CPU
		{63B59593-1CA2-4FC1-8505-893B483143A7}.Debug|Any CPU.ActiveCfg = Debug|Any CPU
		{63B59593-1CA2-4FC1-8505-893B483143A7}.Debug|Any CPU.Build.0 = Debug|Any CPU
		{63B59593-1CA2-4FC1-8505-893B483143A7}.Release|Any CPU.ActiveCfg = Release|Any CPU
		{63B59593-1CA2-4FC1-8505-893B483143A7}.Release|Any CPU.Build.0 = Release|Any CPU
		{54F4B895-956E-4287-A443-1DC75D323FBD}.Debug|Any CPU.ActiveCfg = Debug|Any CPU
		{54F4B895-956E-4287-A443-1DC75D323FBD}.Debug|Any CPU.Build.0 = Debug|Any CPU
		{54F4B895-956E-4287-A443-1DC75D323FBD}.Release|Any CPU.ActiveCfg = Release|Any CPU
		{54F4B895-956E-4287-A443-1DC75D323FBD}.Release|Any CPU.Build.0 = Release|Any CPU
		{1BEAB60A-A8A2-44FC-9B50-0567A34EEED2}.Debug|Any CPU.ActiveCfg = Debug|Any CPU
		{1BEAB60A-A8A2-44FC-9B50-0567A34EEED2}.Debug|Any CPU.Build.0 = Debug|Any CPU
		{1BEAB60A-A8A2-44FC-9B50-0567A34EEED2}.Release|Any CPU.ActiveCfg = Release|Any CPU
		{1BEAB60A-A8A2-44FC-9B50-0567A34EEED2}.Release|Any CPU.Build.0 = Release|Any CPU
		{87BC8CF5-FCB6-4791-B3A9-1D2C3F29B890}.Debug|Any CPU.ActiveCfg = Debug|Any CPU
		{87BC8CF5-FCB6-4791-B3A9-1D2C3F29B890}.Debug|Any CPU.Build.0 = Debug|Any CPU
		{87BC8CF5-FCB6-4791-B3A9-1D2C3F29B890}.Release|Any CPU.ActiveCfg = Release|Any CPU
		{87BC8CF5-FCB6-4791-B3A9-1D2C3F29B890}.Release|Any CPU.Build.0 = Release|Any CPU
		{8BFE171E-9A96-45F5-8469-70F607F97B10}.Debug|Any CPU.ActiveCfg = Debug|Any CPU
		{8BFE171E-9A96-45F5-8469-70F607F97B10}.Debug|Any CPU.Build.0 = Debug|Any CPU
		{8BFE171E-9A96-45F5-8469-70F607F97B10}.Release|Any CPU.ActiveCfg = Release|Any CPU
		{8BFE171E-9A96-45F5-8469-70F607F97B10}.Release|Any CPU.Build.0 = Release|Any CPU
		{1573E9AB-7307-4D08-9ED1-25A66C7AED8A}.Debug|Any CPU.ActiveCfg = Debug|Any CPU
		{1573E9AB-7307-4D08-9ED1-25A66C7AED8A}.Debug|Any CPU.Build.0 = Debug|Any CPU
		{1573E9AB-7307-4D08-9ED1-25A66C7AED8A}.Release|Any CPU.ActiveCfg = Release|Any CPU
		{1573E9AB-7307-4D08-9ED1-25A66C7AED8A}.Release|Any CPU.Build.0 = Release|Any CPU
		{8A166710-948D-469F-81D1-214BC9531915}.Debug|Any CPU.ActiveCfg = Debug|Any CPU
		{8A166710-948D-469F-81D1-214BC9531915}.Debug|Any CPU.Build.0 = Debug|Any CPU
		{8A166710-948D-469F-81D1-214BC9531915}.Release|Any CPU.ActiveCfg = Release|Any CPU
		{8A166710-948D-469F-81D1-214BC9531915}.Release|Any CPU.Build.0 = Release|Any CPU
		{89A3F311-4C03-475A-8682-2CE78C5D5216}.Debug|Any CPU.ActiveCfg = Debug|Any CPU
		{89A3F311-4C03-475A-8682-2CE78C5D5216}.Debug|Any CPU.Build.0 = Debug|Any CPU
		{89A3F311-4C03-475A-8682-2CE78C5D5216}.Release|Any CPU.ActiveCfg = Release|Any CPU
		{89A3F311-4C03-475A-8682-2CE78C5D5216}.Release|Any CPU.Build.0 = Release|Any CPU
		{31F287B3-0125-4870-84A1-12ED7A895B4F}.Debug|Any CPU.ActiveCfg = Debug|Any CPU
		{31F287B3-0125-4870-84A1-12ED7A895B4F}.Debug|Any CPU.Build.0 = Debug|Any CPU
		{31F287B3-0125-4870-84A1-12ED7A895B4F}.Release|Any CPU.ActiveCfg = Release|Any CPU
		{31F287B3-0125-4870-84A1-12ED7A895B4F}.Release|Any CPU.Build.0 = Release|Any CPU
	EndGlobalSection
	GlobalSection(SolutionProperties) = preSolution
		HideSolutionNode = FALSE
	EndGlobalSection
	GlobalSection(ExtensibilityGlobals) = postSolution
		SolutionGuid = {C40C06BF-52B7-441B-9597-1B689C391ADA}
	EndGlobalSection
EndGlobal
